
Microsoft Visual Studio Solution File, Format Version 12.00
# Visual Studio 2013
VisualStudioVersion = 12.0.21005.1
MinimumVisualStudioVersion = 10.0.40219.1
Project("{FAE04EC0-301F-11D3-BF4B-00C04F79EFBC}") = "ShoppingCart.Console", "ShoppingCart.Console\ShoppingCart.Console.csproj", "{BFB4B4D0-73AB-4E3D-BE5E-084448820362}"
EndProject
Project("{FAE04EC0-301F-11D3-BF4B-00C04F79EFBC}") = "ShoppingCart.Logic", "ShoppingCart.Logic\ShoppingCart.Logic.csproj", "{28328C0D-89C2-45C9-8ADA-CAEB7513BC4F}"
EndProject
Project("{FAE04EC0-301F-11D3-BF4B-00C04F79EFBC}") = "ShoppingCart.Tests", "ShoppingCart.Tests\ShoppingCart.Tests.csproj", "{75130B34-5DA9-4037-BFF7-ECAFE5AAD08A}"
EndProject
Global
	GlobalSection(SolutionConfigurationPlatforms) = preSolution
		Debug|Any CPU = Debug|Any CPU
		Release|Any CPU = Release|Any CPU
	EndGlobalSection
	GlobalSection(ProjectConfigurationPlatforms) = postSolution
		{BFB4B4D0-73AB-4E3D-BE5E-084448820362}.Debug|Any CPU.ActiveCfg = Debug|Any CPU
		{BFB4B4D0-73AB-4E3D-BE5E-084448820362}.Debug|Any CPU.Build.0 = Debug|Any CPU
		{BFB4B4D0-73AB-4E3D-BE5E-084448820362}.Release|Any CPU.ActiveCfg = Release|Any CPU
		{BFB4B4D0-73AB-4E3D-BE5E-084448820362}.Release|Any CPU.Build.0 = Release|Any CPU
		{28328C0D-89C2-45C9-8ADA-CAEB7513BC4F}.Debug|Any CPU.ActiveCfg = Debug|Any CPU
		{28328C0D-89C2-45C9-8ADA-CAEB7513BC4F}.Debug|Any CPU.Build.0 = Debug|Any CPU
		{28328C0D-89C2-45C9-8ADA-CAEB7513BC4F}.Release|Any CPU.ActiveCfg = Release|Any CPU
		{28328C0D-89C2-45C9-8ADA-CAEB7513BC4F}.Release|Any CPU.Build.0 = Release|Any CPU
		{75130B34-5DA9-4037-BFF7-ECAFE5AAD08A}.Debug|Any CPU.ActiveCfg = Debug|Any CPU
		{75130B34-5DA9-4037-BFF7-ECAFE5AAD08A}.Debug|Any CPU.Build.0 = Debug|Any CPU
		{75130B34-5DA9-4037-BFF7-ECAFE5AAD08A}.Release|Any CPU.ActiveCfg = Release|Any CPU
		{75130B34-5DA9-4037-BFF7-ECAFE5AAD08A}.Release|Any CPU.Build.0 = Release|Any CPU
	EndGlobalSection
	GlobalSection(SolutionProperties) = preSolution
		HideSolutionNode = FALSE
	EndGlobalSection
EndGlobal
